// !$*UTF8*$!
{
	archiveVersion = 1;
	classes = {
	};
	objectVersion = 56;
	objects = {

/* Begin PBXBuildFile section */
		5ADDDDE61F02402067441943 /* Pods_Realm_practice_app.framework in Frameworks */ = {isa = PBXBuildFile; fileRef = A4957C1F15C64604A6D655F7 /* Pods_Realm_practice_app.framework */; };
		7B0604392AB0AEEE000006C2 /* Memo.swift in Sources */ = {isa = PBXBuildFile; fileRef = 7B0604382AB0AEEE000006C2 /* Memo.swift */; };
		7B06043B2AB0AF45000006C2 /* MemoViewModel.swift in Sources */ = {isa = PBXBuildFile; fileRef = 7B06043A2AB0AF45000006C2 /* MemoViewModel.swift */; };
		7B06043D2AB0AFAC000006C2 /* ContentView.swift in Sources */ = {isa = PBXBuildFile; fileRef = 7B06043C2AB0AFAC000006C2 /* ContentView.swift */; };
		7B36CE622AB0A457003B6273 /* Realm_practice_appApp.swift in Sources */ = {isa = PBXBuildFile; fileRef = 7B36CE612AB0A457003B6273 /* Realm_practice_appApp.swift */; };
		7B36CE662AB0A459003B6273 /* Assets.xcassets in Resources */ = {isa = PBXBuildFile; fileRef = 7B36CE652AB0A459003B6273 /* Assets.xcassets */; };
		7B36CE692AB0A459003B6273 /* Preview Assets.xcassets in Resources */ = {isa = PBXBuildFile; fileRef = 7B36CE682AB0A459003B6273 /* Preview Assets.xcassets */; };
/* End PBXBuildFile section */

/* Begin PBXFileReference section */
		5B5F6DA836CD5F4CE352AE98 /* Pods-Realm_practice_app.release.xcconfig */ = {isa = PBXFileReference; includeInIndex = 1; lastKnownFileType = text.xcconfig; name = "Pods-Realm_practice_app.release.xcconfig"; path = "Target Support Files/Pods-Realm_practice_app/Pods-Realm_practice_app.release.xcconfig"; sourceTree = "<group>"; };
		7B0604382AB0AEEE000006C2 /* Memo.swift */ = {isa = PBXFileReference; lastKnownFileType = sourcecode.swift; path = Memo.swift; sourceTree = "<group>"; };
		7B06043A2AB0AF45000006C2 /* MemoViewModel.swift */ = {isa = PBXFileReference; lastKnownFileType = sourcecode.swift; path = MemoViewModel.swift; sourceTree = "<group>"; };
		7B06043C2AB0AFAC000006C2 /* ContentView.swift */ = {isa = PBXFileReference; lastKnownFileType = sourcecode.swift; path = ContentView.swift; sourceTree = "<group>"; };
		7B36CE5E2AB0A457003B6273 /* Realm_practice_app.app */ = {isa = PBXFileReference; explicitFileType = wrapper.application; includeInIndex = 0; path = Realm_practice_app.app; sourceTree = BUILT_PRODUCTS_DIR; };
		7B36CE612AB0A457003B6273 /* Realm_practice_appApp.swift */ = {isa = PBXFileReference; lastKnownFileType = sourcecode.swift; path = Realm_practice_appApp.swift; sourceTree = "<group>"; };
		7B36CE652AB0A459003B6273 /* Assets.xcassets */ = {isa = PBXFileReference; lastKnownFileType = folder.assetcatalog; path = Assets.xcassets; sourceTree = "<group>"; };
		7B36CE682AB0A459003B6273 /* Preview Assets.xcassets */ = {isa = PBXFileReference; lastKnownFileType = folder.assetcatalog; path = "Preview Assets.xcassets"; sourceTree = "<group>"; };
		A4957C1F15C64604A6D655F7 /* Pods_Realm_practice_app.framework */ = {isa = PBXFileReference; explicitFileType = wrapper.framework; includeInIndex = 0; path = Pods_Realm_practice_app.framework; sourceTree = BUILT_PRODUCTS_DIR; };
		DC9439992B0F2336FEA2B83A /* Pods-Realm_practice_app.debug.xcconfig */ = {isa = PBXFileReference; includeInIndex = 1; lastKnownFileType = text.xcconfig; name = "Pods-Realm_practice_app.debug.xcconfig"; path = "Target Support Files/Pods-Realm_practice_app/Pods-Realm_practice_app.debug.xcconfig"; sourceTree = "<group>"; };
/* End PBXFileReference section */

/* Begin PBXFrameworksBuildPhase section */
		7B36CE5B2AB0A457003B6273 /* Frameworks */ = {
			isa = PBXFrameworksBuildPhase;
			buildActionMask = 2147483647;
			files = (
				5ADDDDE61F02402067441943 /* Pods_Realm_practice_app.framework in Frameworks */,
			);
			runOnlyForDeploymentPostprocessing = 0;
		};
/* End PBXFrameworksBuildPhase section */

/* Begin PBXGroup section */
		5A8E299D9DBA7717A53FD6C0 /* Frameworks */ = {
			isa = PBXGroup;
			children = (
				A4957C1F15C64604A6D655F7 /* Pods_Realm_practice_app.framework */,
			);
			name = Frameworks;
			sourceTree = "<group>";
		};
		7B36CE552AB0A456003B6273 = {
			isa = PBXGroup;
			children = (
				7B36CE602AB0A457003B6273 /* Realm_practice_app */,
				7B36CE5F2AB0A457003B6273 /* Products */,
				F9D91FA4FDE9C4A203656478 /* Pods */,
				5A8E299D9DBA7717A53FD6C0 /* Frameworks */,
			);
			sourceTree = "<group>";
		};
		7B36CE5F2AB0A457003B6273 /* Products */ = {
			isa = PBXGroup;
			children = (
				7B36CE5E2AB0A457003B6273 /* Realm_practice_app.app */,
			);
			name = Products;
			sourceTree = "<group>";
		};
		7B36CE602AB0A457003B6273 /* Realm_practice_app */ = {
			isa = PBXGroup;
			children = (
				7B36CE6F2AB0A94E003B6273 /* Model */,
				7B36CE702AB0A956003B6273 /* View */,
				7B36CE712AB0A95D003B6273 /* ViewModel */,
				7B36CE612AB0A457003B6273 /* Realm_practice_appApp.swift */,
				7B36CE652AB0A459003B6273 /* Assets.xcassets */,
				7B36CE672AB0A459003B6273 /* Preview Content */,
			);
			path = Realm_practice_app;
			sourceTree = "<group>";
		};
		7B36CE672AB0A459003B6273 /* Preview Content */ = {
			isa = PBXGroup;
			children = (
				7B36CE682AB0A459003B6273 /* Preview Assets.xcassets */,
			);
			path = "Preview Content";
			sourceTree = "<group>";
		};
		7B36CE6F2AB0A94E003B6273 /* Model */ = {
			isa = PBXGroup;
			children = (
				7B0604382AB0AEEE000006C2 /* Memo.swift */,
			);
			path = Model;
			sourceTree = "<group>";
		};
		7B36CE702AB0A956003B6273 /* View */ = {
			isa = PBXGroup;
			children = (
				7B06043C2AB0AFAC000006C2 /* ContentView.swift */,
			);
			path = View;
			sourceTree = "<group>";
		};
		7B36CE712AB0A95D003B6273 /* ViewModel */ = {
			isa = PBXGroup;
			children = (
				7B06043A2AB0AF45000006C2 /* MemoViewModel.swift */,
			);
			path = ViewModel;
			sourceTree = "<group>";
		};
		F9D91FA4FDE9C4A203656478 /* Pods */ = {
			isa = PBXGroup;
			children = (
				DC9439992B0F2336FEA2B83A /* Pods-Realm_practice_app.debug.xcconfig */,
				5B5F6DA836CD5F4CE352AE98 /* Pods-Realm_practice_app.release.xcconfig */,
			);
			path = Pods;
			sourceTree = "<group>";
		};
/* End PBXGroup section */

/* Begin PBXNativeTarget section */
		7B36CE5D2AB0A457003B6273 /* Realm_practice_app */ = {
			isa = PBXNativeTarget;
			buildConfigurationList = 7B36CE6C2AB0A459003B6273 /* Build configuration list for PBXNativeTarget "Realm_practice_app" */;
			buildPhases = (
				4352127F86A2E2C22158CF78 /* [CP] Check Pods Manifest.lock */,
				7B36CE5A2AB0A457003B6273 /* Sources */,
				7B36CE5B2AB0A457003B6273 /* Frameworks */,
				7B36CE5C2AB0A457003B6273 /* Resources */,
				90CDA35FEE8A6C8468FE8056 /* [CP] Embed Pods Frameworks */,
			);
			buildRules = (
			);
			dependencies = (
			);
			name = Realm_practice_app;
			productName = Realm_practice_app;
			productReference = 7B36CE5E2AB0A457003B6273 /* Realm_practice_app.app */;
			productType = "com.apple.product-type.application";
		};
/* End PBXNativeTarget section */

/* Begin PBXProject section */
		7B36CE562AB0A456003B6273 /* Project object */ = {
			isa = PBXProject;
			attributes = {
				BuildIndependentTargetsInParallel = 1;
				LastSwiftUpdateCheck = 1430;
				LastUpgradeCheck = 1430;
				TargetAttributes = {
					7B36CE5D2AB0A457003B6273 = {
						CreatedOnToolsVersion = 14.3.1;
					};
				};
			};
			buildConfigurationList = 7B36CE592AB0A456003B6273 /* Build configuration list for PBXProject "Realm_practice_app" */;
			compatibilityVersion = "Xcode 14.0";
			developmentRegion = en;
			hasScannedForEncodings = 0;
			knownRegions = (
				en,
				Base,
			);
			mainGroup = 7B36CE552AB0A456003B6273;
			productRefGroup = 7B36CE5F2AB0A457003B6273 /* Products */;
			projectDirPath = "";
			projectRoot = "";
			targets = (
				7B36CE5D2AB0A457003B6273 /* Realm_practice_app */,
			);
		};
/* End PBXProject section */

/* Begin PBXResourcesBuildPhase section */
		7B36CE5C2AB0A457003B6273 /* Resources */ = {
			isa = PBXResourcesBuildPhase;
			buildActionMask = 2147483647;
			files = (
				7B36CE692AB0A459003B6273 /* Preview Assets.xcassets in Resources */,
				7B36CE662AB0A459003B6273 /* Assets.xcassets in Resources */,
			);
			runOnlyForDeploymentPostprocessing = 0;
		};
/* End PBXResourcesBuildPhase section */

/* Begin PBXShellScriptBuildPhase section */
		4352127F86A2E2C22158CF78 /* [CP] Check Pods Manifest.lock */ = {
			isa = PBXShellScriptBuildPhase;
			buildActionMask = 2147483647;
			files = (
			);
			inputFileListPaths = (
			);
			inputPaths = (
				"${PODS_PODFILE_DIR_PATH}/Podfile.lock",
				"${PODS_ROOT}/Manifest.lock",
			);
			name = "[CP] Check Pods Manifest.lock";
			outputFileListPaths = (
			);
			outputPaths = (
				"$(DERIVED_FILE_DIR)/Pods-Realm_practice_app-checkManifestLockResult.txt",
			);
			runOnlyForDeploymentPostprocessing = 0;
			shellPath = /bin/sh;
			shellScript = "diff \"${PODS_PODFILE_DIR_PATH}/Podfile.lock\" \"${PODS_ROOT}/Manifest.lock\" > /dev/null\nif [ $? != 0 ] ; then\n    # print error to STDERR\n    echo \"error: The sandbox is not in sync with the Podfile.lock. Run 'pod install' or update your CocoaPods installation.\" >&2\n    exit 1\nfi\n# This output is used by Xcode 'outputs' to avoid re-running this script phase.\necho \"SUCCESS\" > \"${SCRIPT_OUTPUT_FILE_0}\"\n";
			showEnvVarsInLog = 0;
		};
		90CDA35FEE8A6C8468FE8056 /* [CP] Embed Pods Frameworks */ = {
			isa = PBXShellScriptBuildPhase;
			buildActionMask = 2147483647;
			files = (
			);
			inputFileListPaths = (
				"${PODS_ROOT}/Target Support Files/Pods-Realm_practice_app/Pods-Realm_practice_app-frameworks-${CONFIGURATION}-input-files.xcfilelist",
			);
			name = "[CP] Embed Pods Frameworks";
			outputFileListPaths = (
				"${PODS_ROOT}/Target Support Files/Pods-Realm_practice_app/Pods-Realm_practice_app-frameworks-${CONFIGURATION}-output-files.xcfilelist",
			);
			runOnlyForDeploymentPostprocessing = 0;
			shellPath = /bin/sh;
			shellScript = "\"${PODS_ROOT}/Target Support Files/Pods-Realm_practice_app/Pods-Realm_practice_app-frameworks.sh\"\n";
			showEnvVarsInLog = 0;
		};
/* End PBXShellScriptBuildPhase section */

/* Begin PBXSourcesBuildPhase section */
		7B36CE5A2AB0A457003B6273 /* Sources */ = {
			isa = PBXSourcesBuildPhase;
			buildActionMask = 2147483647;
			files = (
				7B06043B2AB0AF45000006C2 /* MemoViewModel.swift in Sources */,
				7B06043D2AB0AFAC000006C2 /* ContentView.swift in Sources */,
				7B0604392AB0AEEE000006C2 /* Memo.swift in Sources */,
				7B36CE622AB0A457003B6273 /* Realm_practice_appApp.swift in Sources */,
			);
			runOnlyForDeploymentPostprocessing = 0;
		};
/* End PBXSourcesBuildPhase section */

/* Begin XCBuildConfiguration section */
		7B36CE6A2AB0A459003B6273 /* Debug */ = {
			isa = XCBuildConfiguration;
			buildSettings = {
				ALWAYS_SEARCH_USER_PATHS = NO;
				CLANG_ANALYZER_NONNULL = YES;
				CLANG_ANALYZER_NUMBER_OBJECT_CONVERSION = YES_AGGRESSIVE;
				CLANG_CXX_LANGUAGE_STANDARD = "gnu++20";
				CLANG_ENABLE_MODULES = YES;
				CLANG_ENABLE_OBJC_ARC = YES;
				CLANG_ENABLE_OBJC_WEAK = YES;
				CLANG_WARN_BLOCK_CAPTURE_AUTORELEASING = YES;
				CLANG_WARN_BOOL_CONVERSION = YES;
				CLANG_WARN_COMMA = YES;
				CLANG_WARN_CONSTANT_CONVERSION = YES;
				CLANG_WARN_DEPRECATED_OBJC_IMPLEMENTATIONS = YES;
				CLANG_WARN_DIRECT_OBJC_ISA_USAGE = YES_ERROR;
				CLANG_WARN_DOCUMENTATION_COMMENTS = YES;
				CLANG_WARN_EMPTY_BODY = YES;
				CLANG_WARN_ENUM_CONVERSION = YES;
				CLANG_WARN_INFINITE_RECURSION = YES;
				CLANG_WARN_INT_CONVERSION = YES;
				CLANG_WARN_NON_LITERAL_NULL_CONVERSION = YES;
				CLANG_WARN_OBJC_IMPLICIT_RETAIN_SELF = YES;
				CLANG_WARN_OBJC_LITERAL_CONVERSION = YES;
				CLANG_WARN_OBJC_ROOT_CLASS = YES_ERROR;
				CLANG_WARN_QUOTED_INCLUDE_IN_FRAMEWORK_HEADER = YES;
				CLANG_WARN_RANGE_LOOP_ANALYSIS = YES;
				CLANG_WARN_STRICT_PROTOTYPES = YES;
				CLANG_WARN_SUSPICIOUS_MOVE = YES;
				CLANG_WARN_UNGUARDED_AVAILABILITY = YES_AGGRESSIVE;
				CLANG_WARN_UNREACHABLE_CODE = YES;
				CLANG_WARN__DUPLICATE_METHOD_MATCH = YES;
				COPY_PHASE_STRIP = NO;
				DEBUG_INFORMATION_FORMAT = dwarf;
				ENABLE_STRICT_OBJC_MSGSEND = YES;
				ENABLE_TESTABILITY = YES;
				GCC_C_LANGUAGE_STANDARD = gnu11;
				GCC_DYNAMIC_NO_PIC = NO;
				GCC_NO_COMMON_BLOCKS = YES;
				GCC_OPTIMIZATION_LEVEL = 0;
				GCC_PREPROCESSOR_DEFINITIONS = (
					"DEBUG=1",
					"$(inherited)",
				);
				GCC_WARN_64_TO_32_BIT_CONVERSION = YES;
				GCC_WARN_ABOUT_RETURN_TYPE = YES_ERROR;
				GCC_WARN_UNDECLARED_SELECTOR = YES;
				GCC_WARN_UNINITIALIZED_AUTOS = YES_AGGRESSIVE;
				GCC_WARN_UNUSED_FUNCTION = YES;
				GCC_WARN_UNUSED_VARIABLE = YES;
				IPHONEOS_DEPLOYMENT_TARGET = 16.4;
				MTL_ENABLE_DEBUG_INFO = INCLUDE_SOURCE;
				MTL_FAST_MATH = YES;
				ONLY_ACTIVE_ARCH = YES;
				SDKROOT = iphoneos;
				SWIFT_ACTIVE_COMPILATION_CONDITIONS = DEBUG;
				SWIFT_OPTIMIZATION_LEVEL = "-Onone";
			};
			name = Debug;
		};
		7B36CE6B2AB0A459003B6273 /* Release */ = {
			isa = XCBuildConfiguration;
			buildSettings = {
				ALWAYS_SEARCH_USER_PATHS = NO;
				CLANG_ANALYZER_NONNULL = YES;
				CLANG_ANALYZER_NUMBER_OBJECT_CONVERSION = YES_AGGRESSIVE;
				CLANG_CXX_LANGUAGE_STANDARD = "gnu++20";
				CLANG_ENABLE_MODULES = YES;
				CLANG_ENABLE_OBJC_ARC = YES;
				CLANG_ENABLE_OBJC_WEAK = YES;
				CLANG_WARN_BLOCK_CAPTURE_AUTORELEASING = YES;
				CLANG_WARN_BOOL_CONVERSION = YES;
				CLANG_WARN_COMMA = YES;
				CLANG_WARN_CONSTANT_CONVERSION = YES;
				CLANG_WARN_DEPRECATED_OBJC_IMPLEMENTATIONS = YES;
				CLANG_WARN_DIRECT_OBJC_ISA_USAGE = YES_ERROR;
				CLANG_WARN_DOCUMENTATION_COMMENTS = YES;
				CLANG_WARN_EMPTY_BODY = YES;
				CLANG_WARN_ENUM_CONVERSION = YES;
				CLANG_WARN_INFINITE_RECURSION = YES;
				CLANG_WARN_INT_CONVERSION = YES;
				CLANG_WARN_NON_LITERAL_NULL_CONVERSION = YES;
				CLANG_WARN_OBJC_IMPLICIT_RETAIN_SELF = YES;
				CLANG_WARN_OBJC_LITERAL_CONVERSION = YES;
				CLANG_WARN_OBJC_ROOT_CLASS = YES_ERROR;
				CLANG_WARN_QUOTED_INCLUDE_IN_FRAMEWORK_HEADER = YES;
				CLANG_WARN_RANGE_LOOP_ANALYSIS = YES;
				CLANG_WARN_STRICT_PROTOTYPES = YES;
				CLANG_WARN_SUSPICIOUS_MOVE = YES;
				CLANG_WARN_UNGUARDED_AVAILABILITY = YES_AGGRESSIVE;
				CLANG_WARN_UNREACHABLE_CODE = YES;
				CLANG_WARN__DUPLICATE_METHOD_MATCH = YES;
				COPY_PHASE_STRIP = NO;
				DEBUG_INFORMATION_FORMAT = "dwarf-with-dsym";
				ENABLE_NS_ASSERTIONS = NO;
				ENABLE_STRICT_OBJC_MSGSEND = YES;
				GCC_C_LANGUAGE_STANDARD = gnu11;
				GCC_NO_COMMON_BLOCKS = YES;
				GCC_WARN_64_TO_32_BIT_CONVERSION = YES;
				GCC_WARN_ABOUT_RETURN_TYPE = YES_ERROR;
				GCC_WARN_UNDECLARED_SELECTOR = YES;
				GCC_WARN_UNINITIALIZED_AUTOS = YES_AGGRESSIVE;
				GCC_WARN_UNUSED_FUNCTION = YES;
				GCC_WARN_UNUSED_VARIABLE = YES;
				IPHONEOS_DEPLOYMENT_TARGET = 16.4;
				MTL_ENABLE_DEBUG_INFO = NO;
				MTL_FAST_MATH = YES;
				SDKROOT = iphoneos;
				SWIFT_COMPILATION_MODE = wholemodule;
				SWIFT_OPTIMIZATION_LEVEL = "-O";
				VALIDATE_PRODUCT = YES;
			};
			name = Release;
		};
		7B36CE6D2AB0A459003B6273 /* Debug */ = {
			isa = XCBuildConfiguration;
			baseConfigurationReference = DC9439992B0F2336FEA2B83A /* Pods-Realm_practice_app.debug.xcconfig */;
			buildSettings = {
				ASSETCATALOG_COMPILER_APPICON_NAME = AppIcon;
				ASSETCATALOG_COMPILER_GLOBAL_ACCENT_COLOR_NAME = AccentColor;
				CODE_SIGN_STYLE = Automatic;
				CURRENT_PROJECT_VERSION = 1;
				DEVELOPMENT_ASSET_PATHS = "\"Realm_practice_app/Preview Content\"";
				DEVELOPMENT_TEAM = 3JZRVMTX25;
				ENABLE_PREVIEWS = YES;
				GENERATE_INFOPLIST_FILE = YES;
				INFOPLIST_KEY_UIApplicationSceneManifest_Generation = YES;
				INFOPLIST_KEY_UIApplicationSupportsIndirectInputEvents = YES;
				INFOPLIST_KEY_UILaunchScreen_Generation = YES;
				INFOPLIST_KEY_UISupportedInterfaceOrientations_iPad = "UIInterfaceOrientationPortrait UIInterfaceOrientationPortraitUpsideDown UIInterfaceOrientationLandscapeLeft UIInterfaceOrientationLandscapeRight";
				INFOPLIST_KEY_UISupportedInterfaceOrientations_iPhone = "UIInterfaceOrientationPortrait UIInterfaceOrientationLandscapeLeft UIInterfaceOrientationLandscapeRight";
				IPHONEOS_DEPLOYMENT_TARGET = 15.0;
				LD_RUNPATH_SEARCH_PATHS = (
					"$(inherited)",
					"@executable_path/Frameworks",
				);
				MARKETING_VERSION = 1.0;
				PRODUCT_BUNDLE_IDENTIFIER = "com.genki.Realm-practice-app";
				PRODUCT_NAME = "$(TARGET_NAME)";
				SWIFT_EMIT_LOC_STRINGS = YES;
				SWIFT_VERSION = 5.0;
				TARGETED_DEVICE_FAMILY = "1,2";
			};
			name = Debug;
		};
		7B36CE6E2AB0A459003B6273 /* Release */ = {
			isa = XCBuildConfiguration;
			baseConfigurationReference = 5B5F6DA836CD5F4CE352AE98 /* Pods-Realm_practice_app.release.xcconfig */;
			buildSettings = {
				ASSETCATALOG_COMPILER_APPICON_NAME = AppIcon;
				ASSETCATALOG_COMPILER_GLOBAL_ACCENT_COLOR_NAME = AccentColor;
				CODE_SIGN_STYLE = Automatic;
				CURRENT_PROJECT_VERSION = 1;
				DEVELOPMENT_ASSET_PATHS = "\"Realm_practice_app/Preview Content\"";
				DEVELOPMENT_TEAM = 3JZRVMTX25;
				ENABLE_PREVIEWS = YES;
				GENERATE_INFOPLIST_FILE = YES;
				INFOPLIST_KEY_UIApplicationSceneManifest_Generation = YES;
				INFOPLIST_KEY_UIApplicationSupportsIndirectInputEvents = YES;
				INFOPLIST_KEY_UILaunchScreen_Generation = YES;
				INFOPLIST_KEY_UISupportedInterfaceOrientations_iPad = "UIInterfaceOrientationPortrait UIInterfaceOrientationPortraitUpsideDown UIInterfaceOrientationLandscapeLeft UIInterfaceOrientationLandscapeRight";
				INFOPLIST_KEY_UISupportedInterfaceOrientations_iPhone = "UIInterfaceOrientationPortrait UIInterfaceOrientationLandscapeLeft UIInterfaceOrientationLandscapeRight";
				IPHONEOS_DEPLOYMENT_TARGET = 15.0;
				LD_RUNPATH_SEARCH_PATHS = (
					"$(inherited)",
					"@executable_path/Frameworks",
				);
				MARKETING_VERSION = 1.0;
				PRODUCT_BUNDLE_IDENTIFIER = "com.genki.Realm-practice-app";
				PRODUCT_NAME = "$(TARGET_NAME)";
				SWIFT_EMIT_LOC_STRINGS = YES;
				SWIFT_VERSION = 5.0;
				TARGETED_DEVICE_FAMILY = "1,2";
			};
			name = Release;
		};
/* End XCBuildConfiguration section */

/* Begin XCConfigurationList section */
		7B36CE592AB0A456003B6273 /* Build configuration list for PBXProject "Realm_practice_app" */ = {
			isa = XCConfigurationList;
			buildConfigurations = (
				7B36CE6A2AB0A459003B6273 /* Debug */,
				7B36CE6B2AB0A459003B6273 /* Release */,
			);
			defaultConfigurationIsVisible = 0;
			defaultConfigurationName = Release;
		};
		7B36CE6C2AB0A459003B6273 /* Build configuration list for PBXNativeTarget "Realm_practice_app" */ = {
			isa = XCConfigurationList;
			buildConfigurations = (
				7B36CE6D2AB0A459003B6273 /* Debug */,
				7B36CE6E2AB0A459003B6273 /* Release */,
			);
			defaultConfigurationIsVisible = 0;
			defaultConfigurationName = Release;
		};
/* End XCConfigurationList section */
	};
	rootObject = 7B36CE562AB0A456003B6273 /* Project object */;
}
